
Microsoft Visual Studio Solution File, Format Version 12.00
# Visual Studio 15
VisualStudioVersion = 15.0.26403.3
MinimumVisualStudioVersion = 10.0.40219.1
Project("{8BC9CEB8-8B4A-11D0-8D11-00A0C91BC942}") = "opengl", "opengl\opengl.vcxproj", "{785A895C-DC4F-43E8-96D0-60250899BBCE}"
EndProject
Global
	GlobalSection(SolutionConfigurationPlatforms) = preSolution
		Debug|x86 = Debug|x86
		Release|x86 = Release|x86
	EndGlobalSection
	GlobalSection(ProjectConfigurationPlatforms) = postSolution
		{785A895C-DC4F-43E8-96D0-60250899BBCE}.Debug|x86.ActiveCfg = Debug|Win32
		{785A895C-DC4F-43E8-96D0-60250899BBCE}.Debug|x86.Build.0 = Debug|Win32
		{785A895C-DC4F-43E8-96D0-60250899BBCE}.Release|x86.ActiveCfg = Release|Win32
		{785A895C-DC4F-43E8-96D0-60250899BBCE}.Release|x86.Build.0 = Release|Win32
	EndGlobalSection
	GlobalSection(SolutionProperties) = preSolution
		HideSolutionNode = FALSE
	EndGlobalSection
	GlobalSection(ExtensibilityGlobals) = postSolution
		SolutionGuid = {54274F8F-C5DF-4448-82FB-D5B60BEA8C61}
	EndGlobalSection
EndGlobal
